
Microsoft Visual Studio Solution File, Format Version 12.00
# Visual Studio Version 16
VisualStudioVersion = 16.0.31019.35
MinimumVisualStudioVersion = 10.0.40219.1
Project("{9A19103F-16F7-4668-BE54-9A1E7A4F7556}") = "Pagination.Backend", "Pagination.Backend\Pagination.Backend.csproj", "{C0778C4F-8794-4EE7-BCEB-AB93D26F731E}"
EndProject
Global
	GlobalSection(SolutionConfigurationPlatforms) = preSolution
		Debug|Any CPU = Debug|Any CPU
		Release|Any CPU = Release|Any CPU
	EndGlobalSection
	GlobalSection(ProjectConfigurationPlatforms) = postSolution
		{C0778C4F-8794-4EE7-BCEB-AB93D26F731E}.Debug|Any CPU.ActiveCfg = Debug|Any CPU
		{C0778C4F-8794-4EE7-BCEB-AB93D26F731E}.Debug|Any CPU.Build.0 = Debug|Any CPU
		{C0778C4F-8794-4EE7-BCEB-AB93D26F731E}.Release|Any CPU.ActiveCfg = Release|Any CPU
		{C0778C4F-8794-4EE7-BCEB-AB93D26F731E}.Release|Any CPU.Build.0 = Release|Any CPU
	EndGlobalSection
	GlobalSection(SolutionProperties) = preSolution
		HideSolutionNode = FALSE
	EndGlobalSection
	GlobalSection(ExtensibilityGlobals) = postSolution
		SolutionGuid = {8A9F9C22-70FF-4862-9AC8-6191AC128EF9}
	EndGlobalSection
EndGlobal
